<?xml version="1.0" encoding="utf-8"?>
<Project ToolsVersion="4.0" xmlns="http://schemas.microsoft.com/developer/msbuild/2003">
  <ItemGroup>
    <Filter Include="Source Files">
      <UniqueIdentifier>{4FC737F1-C7A5-4376-A066-2A32D752A2FF}</UniqueIdentifier>
      <Extensions>cpp;c;cc;cxx;c++;cppm;ixx;def;odl;idl;hpj;bat;asm;asmx</Extensions>
    </Filter>
    <Filter Include="Header Files">
      <UniqueIdentifier>{93995380-89BD-4b04-88EB-625FBE52EBFB}</UniqueIdentifier>
      <Extensions>h;hh;hpp;hxx;h++;hm;inl;inc;ipp;xsd</Extensions>
    </Filter>
    <Filter Include="Resource Files">
      <UniqueIdentifier>{67DA6AB6-F800-4c08-8B7A-83BB121AAD01}</UniqueIdentifier>
      <Extensions>rc;ico;cur;bmp;dlg;rc2;rct;bin;rgs;gif;jpg;jpeg;jpe;resx;tiff;tif;png;wav;mfcribbon-ms</Extensions>
    </Filter>
  </ItemGroup>
  <ItemGroup>
    <ClInclude Include="src\api\include\lvm.h">
      <Filter>Header Files</Filter>
    </ClInclude>
    <ClInclude Include="src\api\include\structs.h">
      <Filter>Header Files</Filter>
    </ClInclude>
    <ClInclude Include="src\api\include\ltable.h">
      <Filter>Header Files</Filter>
    </ClInclude>
    <ClInclude Include="src\api\include\ltm.h">
      <Filter>Header Files</Filter>
    </ClInclude>
    <ClInclude Include="src\console\include\console.h">
      <Filter>Header Files</Filter>
    </ClInclude>
    <ClInclude Include="src\addresses\addresses.hpp">
      <Filter>Header Files</Filter>
    </ClInclude>
    <ClInclude Include="src\scheduler\include\scheduler.h">
      <Filter>Header Files</Filter>
    </ClInclude>
    <ClInclude Include="src\addresses\declarations.hpp">
      <Filter>Header Files</Filter>
    </ClInclude>
    <ClInclude Include="src\execution\include\execution.h">
      <Filter>Header Files</Filter>
    </ClInclude>
    <ClInclude Include="dependencies\luau\Coverage.h">
      <Filter>Header Files</Filter>
    </ClInclude>
    <ClInclude Include="dependencies\luau\FileUtils.h">
      <Filter>Header Files</Filter>
    </ClInclude>
    <ClInclude Include="dependencies\luau\lapi.h">
      <Filter>Header Files</Filter>
    </ClInclude>
    <ClInclude Include="dependencies\luau\lbuiltins.h">
      <Filter>Header Files</Filter>
    </ClInclude>
    <ClInclude Include="dependencies\luau\lbytecode.h">
      <Filter>Header Files</Filter>
    </ClInclude>
    <ClInclude Include="dependencies\luau\lcommon.h">
      <Filter>Header Files</Filter>
    </ClInclude>
    <ClInclude Include="dependencies\luau\ldebug.h">
      <Filter>Header Files</Filter>
    </ClInclude>
    <ClInclude Include="dependencies\luau\ldo.h">
      <Filter>Header Files</Filter>
    </ClInclude>
    <ClInclude Include="dependencies\luau\lfunc.h">
      <Filter>Header Files</Filter>
    </ClInclude>
    <ClInclude Include="dependencies\luau\lgc.h">
      <Filter>Header Files</Filter>
    </ClInclude>
    <ClInclude Include="dependencies\luau\lmem.h">
      <Filter>Header Files</Filter>
    </ClInclude>
    <ClInclude Include="dependencies\luau\lnumutils.h">
      <Filter>Header Files</Filter>
    </ClInclude>
    <ClInclude Include="dependencies\luau\lobject.h">
      <Filter>Header Files</Filter>
    </ClInclude>
    <ClInclude Include="dependencies\luau\lstate.h">
      <Filter>Header Files</Filter>
    </ClInclude>
    <ClInclude Include="dependencies\luau\lstring.h">
      <Filter>Header Files</Filter>
    </ClInclude>
    <ClInclude Include="dependencies\luau\ltable.h">
      <Filter>Header Files</Filter>
    </ClInclude>
    <ClInclude Include="dependencies\luau\ltm.h">
      <Filter>Header Files</Filter>
    </ClInclude>
    <ClInclude Include="dependencies\luau\lua.h">
      <Filter>Header Files</Filter>
    </ClInclude>
    <ClInclude Include="dependencies\luau\luacode.h">
      <Filter>Header Files</Filter>
    </ClInclude>
    <ClInclude Include="dependencies\luau\luaconf.h">
      <Filter>Header Files</Filter>
    </ClInclude>
    <ClInclude Include="dependencies\luau\lualib.h">
      <Filter>Header Files</Filter>
    </ClInclude>
    <ClInclude Include="dependencies\luau\ludata.h">
      <Filter>Header Files</Filter>
    </ClInclude>
    <ClInclude Include="dependencies\luau\lvm.h">
      <Filter>Header Files</Filter>
    </ClInclude>
    <ClInclude Include="dependencies\luau\Profiler.h">
      <Filter>Header Files</Filter>
    </ClInclude>
    <ClInclude Include="dependencies\luau\Repl.h">
      <Filter>Header Files</Filter>
    </ClInclude>
    <ClInclude Include="dependencies\luau\Luau\Ast.h">
      <Filter>Header Files</Filter>
    </ClInclude>
    <ClInclude Include="dependencies\luau\Luau\AstQuery.h">
      <Filter>Header Files</Filter>
    </ClInclude>
    <ClInclude Include="dependencies\luau\Luau\Autocomplete.h">
      <Filter>Header Files</Filter>
    </ClInclude>
    <ClInclude Include="dependencies\luau\Luau\BuiltinDefinitions.h">
      <Filter>Header Files</Filter>
    </ClInclude>
    <ClInclude Include="dependencies\luau\Luau\Bytecode.h">
      <Filter>Header Files</Filter>
    </ClInclude>
    <ClInclude Include="dependencies\luau\Luau\BytecodeBuilder.h">
      <Filter>Header Files</Filter>
    </ClInclude>
    <ClInclude Include="dependencies\luau\Luau\Clone.h">
      <Filter>Header Files</Filter>
    </ClInclude>
    <ClInclude Include="dependencies\luau\Luau\Common.h">
      <Filter>Header Files</Filter>
    </ClInclude>
    <ClInclude Include="dependencies\luau\Luau\Compiler.h">
      <Filter>Header Files</Filter>
    </ClInclude>
    <ClInclude Include="dependencies\luau\Luau\Config.h">
      <Filter>Header Files</Filter>
    </ClInclude>
    <ClInclude Include="dependencies\luau\Luau\Confusables.h">
      <Filter>Header Files</Filter>
    </ClInclude>
    <ClInclude Include="dependencies\luau\Luau\DenseHash.h">
      <Filter>Header Files</Filter>
    </ClInclude>
    <ClInclude Include="dependencies\luau\Luau\Documentation.h">
      <Filter>Header Files</Filter>
    </ClInclude>
    <ClInclude Include="dependencies\luau\Luau\Error.h">
      <Filter>Header Files</Filter>
    </ClInclude>
    <ClInclude Include="dependencies\luau\Luau\FileResolver.h">
      <Filter>Header Files</Filter>
    </ClInclude>
    <ClInclude Include="dependencies\luau\Luau\Frontend.h">
      <Filter>Header Files</Filter>
    </ClInclude>
    <ClInclude Include="dependencies\luau\Luau\IostreamHelpers.h">
      <Filter>Header Files</Filter>
    </ClInclude>
    <ClInclude Include="dependencies\luau\Luau\JsonEncoder.h">
      <Filter>Header Files</Filter>
    </ClInclude>
    <ClInclude Include="dependencies\luau\Luau\Lexer.h">
      <Filter>Header Files</Filter>
    </ClInclude>
    <ClInclude Include="dependencies\luau\Luau\Linter.h">
      <Filter>Header Files</Filter>
    </ClInclude>
    <ClInclude Include="dependencies\luau\Luau\Location.h">
      <Filter>Header Files</Filter>
    </ClInclude>
    <ClInclude Include="dependencies\luau\Luau\LValue.h">
      <Filter>Header Files</Filter>
    </ClInclude>
    <ClInclude Include="dependencies\luau\Luau\Module.h">
      <Filter>Header Files</Filter>
    </ClInclude>
    <ClInclude Include="dependencies\luau\Luau\ModuleResolver.h">
      <Filter>Header Files</Filter>
    </ClInclude>
    <ClInclude Include="dependencies\luau\Luau\Normalize.h">
      <Filter>Header Files</Filter>
    </ClInclude>
    <ClInclude Include="dependencies\luau\Luau\ParseOptions.h">
      <Filter>Header Files</Filter>
    </ClInclude>
    <ClInclude Include="dependencies\luau\Luau\Parser.h">
      <Filter>Header Files</Filter>
    </ClInclude>
    <ClInclude Include="dependencies\luau\Luau\ParseResult.h">
      <Filter>Header Files</Filter>
    </ClInclude>
    <ClInclude Include="dependencies\luau\Luau\Predicate.h">
      <Filter>Header Files</Filter>
    </ClInclude>
    <ClInclude Include="dependencies\luau\Luau\Quantify.h">
      <Filter>Header Files</Filter>
    </ClInclude>
    <ClInclude Include="dependencies\luau\Luau\RecursionCounter.h">
      <Filter>Header Files</Filter>
    </ClInclude>
    <ClInclude Include="dependencies\luau\Luau\RequireTracer.h">
      <Filter>Header Files</Filter>
    </ClInclude>
    <ClInclude Include="dependencies\luau\Luau\Scope.h">
      <Filter>Header Files</Filter>
    </ClInclude>
    <ClInclude Include="dependencies\luau\Luau\StringUtils.h">
      <Filter>Header Files</Filter>
    </ClInclude>
    <ClInclude Include="dependencies\luau\Luau\Substitution.h">
      <Filter>Header Files</Filter>
    </ClInclude>
    <ClInclude Include="dependencies\luau\Luau\Symbol.h">
      <Filter>Header Files</Filter>
    </ClInclude>
    <ClInclude Include="dependencies\luau\Luau\TimeTrace.h">
      <Filter>Header Files</Filter>
    </ClInclude>
    <ClInclude Include="dependencies\luau\Luau\ToDot.h">
      <Filter>Header Files</Filter>
    </ClInclude>
    <ClInclude Include="dependencies\luau\Luau\TopoSortStatements.h">
      <Filter>Header Files</Filter>
    </ClInclude>
    <ClInclude Include="dependencies\luau\Luau\ToString.h">
      <Filter>Header Files</Filter>
    </ClInclude>
    <ClInclude Include="dependencies\luau\Luau\Transpiler.h">
      <Filter>Header Files</Filter>
    </ClInclude>
    <ClInclude Include="dependencies\luau\Luau\TxnLog.h">
      <Filter>Header Files</Filter>
    </ClInclude>
    <ClInclude Include="dependencies\luau\Luau\TypeAttach.h">
      <Filter>Header Files</Filter>
    </ClInclude>
    <ClInclude Include="dependencies\luau\Luau\TypedAllocator.h">
      <Filter>Header Files</Filter>
    </ClInclude>
    <ClInclude Include="dependencies\luau\Luau\TypeInfer.h">
      <Filter>Header Files</Filter>
    </ClInclude>
    <ClInclude Include="dependencies\luau\Luau\TypePack.h">
      <Filter>Header Files</Filter>
    </ClInclude>
    <ClInclude Include="dependencies\luau\Luau\TypeUtils.h">
      <Filter>Header Files</Filter>
    </ClInclude>
    <ClInclude Include="dependencies\luau\Luau\TypeVar.h">
      <Filter>Header Files</Filter>
    </ClInclude>
    <ClInclude Include="dependencies\luau\Luau\Unifiable.h">
      <Filter>Header Files</Filter>
    </ClInclude>
    <ClInclude Include="dependencies\luau\Luau\Unifier.h">
      <Filter>Header Files</Filter>
    </ClInclude>
    <ClInclude Include="dependencies\luau\Luau\UnifierSharedState.h">
      <Filter>Header Files</Filter>
    </ClInclude>
    <ClInclude Include="dependencies\luau\Luau\Variant.h">
      <Filter>Header Files</Filter>
    </ClInclude>
    <ClInclude Include="dependencies\luau\Luau\VisitTypeVar.h">
      <Filter>Header Files</Filter>
    </ClInclude>
    <ClInclude Include="src\api\include\util.h">
      <Filter>Header Files</Filter>
    </ClInclude>
    <ClInclude Include="src\api\include\lstring.h">
      <Filter>Header Files</Filter>
    </ClInclude>
    <ClInclude Include="src\api\include\api.h">
      <Filter>Header Files</Filter>
    </ClInclude>
  </ItemGroup>
  <ItemGroup>
    <ClCompile Include="dllmain.cpp">
      <Filter>Source Files</Filter>
    </ClCompile>
    <ClCompile Include="src\api\src\lvm.cpp">
      <Filter>Source Files</Filter>
    </ClCompile>
    <ClCompile Include="src\api\src\ltable.cpp">
      <Filter>Source Files</Filter>
    </ClCompile>
    <ClCompile Include="src\api\src\ltm.cpp">
      <Filter>Source Files</Filter>
    </ClCompile>
    <ClCompile Include="src\console\src\console.cpp">
      <Filter>Source Files</Filter>
    </ClCompile>
    <ClCompile Include="src\scheduler\src\scheduler.cpp">
      <Filter>Source Files</Filter>
    </ClCompile>
    <ClCompile Include="src\addresses\definitions.cpp">
      <Filter>Source Files</Filter>
    </ClCompile>
    <ClCompile Include="src\execution\src\execution.cpp">
      <Filter>Source Files</Filter>
    </ClCompile>
    <ClCompile Include="src\api\src\util.cpp">
      <Filter>Source Files</Filter>
    </ClCompile>
    <ClCompile Include="src\api\src\lstring.cpp">
      <Filter>Source Files</Filter>
    </ClCompile>
    <ClCompile Include="src\api\src\api.cpp">
      <Filter>Source Files</Filter>
    </ClCompile>
  </ItemGroup>
  <ItemGroup>
    <Library Include="dependencies\lib\isocline.lib" />
    <Library Include="dependencies\lib\Luau.Analysis.lib" />
    <Library Include="dependencies\lib\Luau.Ast.lib" />
    <Library Include="dependencies\lib\Luau.Compiler.lib" />
    <Library Include="dependencies\lib\Luau.VM.lib" />
  </ItemGroup>
</Project>